
Microsoft Visual Studio Solution File, Format Version 12.00
# Visual Studio Version 17
VisualStudioVersion = 17.7.34024.191
MinimumVisualStudioVersion = 10.0.40219.1
Project("{FAE04EC0-301F-11D3-BF4B-00C04F79EFBC}") = "Netwrix", "Netwrix\Netwrix.csproj", "{FB0D3220-DE8D-46A5-B2A3-7EDF1DD57EE5}"
EndProject
Global
	GlobalSection(SolutionConfigurationPlatforms) = preSolution
		Debug|Any CPU = Debug|Any CPU
		Release|Any CPU = Release|Any CPU
	EndGlobalSection
	GlobalSection(ProjectConfigurationPlatforms) = postSolution
		{FB0D3220-DE8D-46A5-B2A3-7EDF1DD57EE5}.Debug|Any CPU.ActiveCfg = Debug|Any CPU
		{FB0D3220-DE8D-46A5-B2A3-7EDF1DD57EE5}.Debug|Any CPU.Build.0 = Debug|Any CPU
		{FB0D3220-DE8D-46A5-B2A3-7EDF1DD57EE5}.Release|Any CPU.ActiveCfg = Release|Any CPU
		{FB0D3220-DE8D-46A5-B2A3-7EDF1DD57EE5}.Release|Any CPU.Build.0 = Release|Any CPU
	EndGlobalSection
	GlobalSection(SolutionProperties) = preSolution
		HideSolutionNode = FALSE
	EndGlobalSection
	GlobalSection(ExtensibilityGlobals) = postSolution
		SolutionGuid = {5A24AF7D-CEA9-4E9A-923C-9F6E2C927F5B}
	EndGlobalSection
EndGlobal
